github.com/youguanxinqing/RoadOfDSA v0.0.0-20200218154811-0d8e74234b49 h1:v+ksr1WCFwuyOc+L3iQDf3N7051hJURqqhbwWUlLAbM=
github.com/youguanxinqing/RoadOfDSA/BaseAlgorithm/Sorts v0.0.0-20200218154811-0d8e74234b49 h1:7rpVasNuFA5sKzoFMne5wOcdYLSbEX2VpqRCnCsULHM=
github.com/youguanxinqing/RoadOfDSA/BaseAlgorithm/Sorts v0.0.0-20200218154811-0d8e74234b49/go.mod h1:s3qeOcXxC+BqwYrkXe6YYaPw0FiMPYIKT4EgSShBVP8=
